
Microsoft Visual Studio Solution File, Format Version 12.00
# Visual Studio Version 17
VisualStudioVersion = 17.7.34031.279
MinimumVisualStudioVersion = 10.0.40219.1
Project("{9A19103F-16F7-4668-BE54-9A1E7A4F7556}") = "AspWeb", "AspWeb\AspWeb.csproj", "{0095A024-F5CE-4D35-B930-8674CDC48AC8}"
EndProject
Global
	GlobalSection(SolutionConfigurationPlatforms) = preSolution
		Debug|Any CPU = Debug|Any CPU
		Release|Any CPU = Release|Any CPU
	EndGlobalSection
	GlobalSection(ProjectConfigurationPlatforms) = postSolution
		{0095A024-F5CE-4D35-B930-8674CDC48AC8}.Debug|Any CPU.ActiveCfg = Debug|Any CPU
		{0095A024-F5CE-4D35-B930-8674CDC48AC8}.Debug|Any CPU.Build.0 = Debug|Any CPU
		{0095A024-F5CE-4D35-B930-8674CDC48AC8}.Release|Any CPU.ActiveCfg = Release|Any CPU
		{0095A024-F5CE-4D35-B930-8674CDC48AC8}.Release|Any CPU.Build.0 = Release|Any CPU
	EndGlobalSection
	GlobalSection(SolutionProperties) = preSolution
		HideSolutionNode = FALSE
	EndGlobalSection
	GlobalSection(ExtensibilityGlobals) = postSolution
		SolutionGuid = {4542BF76-0C7C-40C3-AE2D-A6F1A5539D24}
	EndGlobalSection
EndGlobal
