
Microsoft Visual Studio Solution File, Format Version 12.00
# Visual Studio Version 17
VisualStudioVersion = 17.5.002.0
MinimumVisualStudioVersion = 10.0.40219.1
Project("{9A19103F-16F7-4668-BE54-9A1E7A4F7556}") = "AspWeb", "AspWeb.csproj", "{18B7927A-CB1F-4C20-ADF2-D3AD6C302F1D}"
EndProject
Global
	GlobalSection(SolutionConfigurationPlatforms) = preSolution
		Debug|Any CPU = Debug|Any CPU
		Release|Any CPU = Release|Any CPU
	EndGlobalSection
	GlobalSection(ProjectConfigurationPlatforms) = postSolution
		{18B7927A-CB1F-4C20-ADF2-D3AD6C302F1D}.Debug|Any CPU.ActiveCfg = Debug|Any CPU
		{18B7927A-CB1F-4C20-ADF2-D3AD6C302F1D}.Debug|Any CPU.Build.0 = Debug|Any CPU
		{18B7927A-CB1F-4C20-ADF2-D3AD6C302F1D}.Release|Any CPU.ActiveCfg = Release|Any CPU
		{18B7927A-CB1F-4C20-ADF2-D3AD6C302F1D}.Release|Any CPU.Build.0 = Release|Any CPU
	EndGlobalSection
	GlobalSection(SolutionProperties) = preSolution
		HideSolutionNode = FALSE
	EndGlobalSection
	GlobalSection(ExtensibilityGlobals) = postSolution
		SolutionGuid = {029BB3EC-9C82-4E0F-B5A1-E549B91443F0}
	EndGlobalSection
EndGlobal
